
Microsoft Visual Studio Solution File, Format Version 12.00
# Visual Studio Version 16
VisualStudioVersion = 16.0.29613.14
MinimumVisualStudioVersion = 10.0.40219.1
Project("{FAE04EC0-301F-11D3-BF4B-00C04F79EFBC}") = "AzureMessagePublisher", "AzureMessagePublisher\AzureMessagePublisher.csproj", "{6BF258CA-5D8C-486D-8B04-DC32B814BEFC}"
EndProject
Project("{FAE04EC0-301F-11D3-BF4B-00C04F79EFBC}") = "AzureMessageConsumer", "AzureMessageConsumer\AzureMessageConsumer.csproj", "{F1FBF8D5-80D0-48B0-92C1-E402A65BE34A}"
EndProject
Project("{FAE04EC0-301F-11D3-BF4B-00C04F79EFBC}") = "WindowsFormsApp1", "WindowsFormsApp1\WindowsFormsApp1.csproj", "{58BCAA24-8FCE-48CE-8008-80A5A3E397C2}"
EndProject
Global
	GlobalSection(SolutionConfigurationPlatforms) = preSolution
		Debug|Any CPU = Debug|Any CPU
		Release|Any CPU = Release|Any CPU
	EndGlobalSection
	GlobalSection(ProjectConfigurationPlatforms) = postSolution
		{6BF258CA-5D8C-486D-8B04-DC32B814BEFC}.Debug|Any CPU.ActiveCfg = Debug|Any CPU
		{6BF258CA-5D8C-486D-8B04-DC32B814BEFC}.Debug|Any CPU.Build.0 = Debug|Any CPU
		{6BF258CA-5D8C-486D-8B04-DC32B814BEFC}.Release|Any CPU.ActiveCfg = Release|Any CPU
		{6BF258CA-5D8C-486D-8B04-DC32B814BEFC}.Release|Any CPU.Build.0 = Release|Any CPU
		{F1FBF8D5-80D0-48B0-92C1-E402A65BE34A}.Debug|Any CPU.ActiveCfg = Debug|Any CPU
		{F1FBF8D5-80D0-48B0-92C1-E402A65BE34A}.Debug|Any CPU.Build.0 = Debug|Any CPU
		{F1FBF8D5-80D0-48B0-92C1-E402A65BE34A}.Release|Any CPU.ActiveCfg = Release|Any CPU
		{F1FBF8D5-80D0-48B0-92C1-E402A65BE34A}.Release|Any CPU.Build.0 = Release|Any CPU
		{58BCAA24-8FCE-48CE-8008-80A5A3E397C2}.Debug|Any CPU.ActiveCfg = Debug|Any CPU
		{58BCAA24-8FCE-48CE-8008-80A5A3E397C2}.Debug|Any CPU.Build.0 = Debug|Any CPU
		{58BCAA24-8FCE-48CE-8008-80A5A3E397C2}.Release|Any CPU.ActiveCfg = Release|Any CPU
		{58BCAA24-8FCE-48CE-8008-80A5A3E397C2}.Release|Any CPU.Build.0 = Release|Any CPU
	EndGlobalSection
	GlobalSection(SolutionProperties) = preSolution
		HideSolutionNode = FALSE
	EndGlobalSection
	GlobalSection(ExtensibilityGlobals) = postSolution
		SolutionGuid = {39C6A606-C635-47C8-8877-1073509C5A55}
	EndGlobalSection
EndGlobal
